// !$*UTF8*$!
{
	archiveVersion = 1;
	classes = {
	};
	objectVersion = 50;
	objects = {

/* Begin PBXBuildFile section */
		A96BBB8626A3390900466598 /* AppDelegate.swift in Sources */ = {isa = PBXBuildFile; fileRef = A96BBB8526A3390900466598 /* AppDelegate.swift */; };
		A96BBB8826A3390900466598 /* SceneDelegate.swift in Sources */ = {isa = PBXBuildFile; fileRef = A96BBB8726A3390900466598 /* SceneDelegate.swift */; };
		A96BBB8A26A3390900466598 /* LoginVC.swift in Sources */ = {isa = PBXBuildFile; fileRef = A96BBB8926A3390900466598 /* LoginVC.swift */; };
		A96BBB8D26A3390900466598 /* Main.storyboard in Resources */ = {isa = PBXBuildFile; fileRef = A96BBB8B26A3390900466598 /* Main.storyboard */; };
		A96BBB8F26A3390C00466598 /* Assets.xcassets in Resources */ = {isa = PBXBuildFile; fileRef = A96BBB8E26A3390C00466598 /* Assets.xcassets */; };
		A96BBB9226A3390C00466598 /* LaunchScreen.storyboard in Resources */ = {isa = PBXBuildFile; fileRef = A96BBB9026A3390C00466598 /* LaunchScreen.storyboard */; };
		A96BBBA126A339D600466598 /* LoginView.swift in Sources */ = {isa = PBXBuildFile; fileRef = A96BBBA026A339D600466598 /* LoginView.swift */; };
		A96BBBA526A3452400466598 /* Movies.swift in Sources */ = {isa = PBXBuildFile; fileRef = A96BBBA426A3452400466598 /* Movies.swift */; };
		A96BBBAA26A34B8800466598 /* MovieVM.swift in Sources */ = {isa = PBXBuildFile; fileRef = A96BBBA926A34B8800466598 /* MovieVM.swift */; };
		A96BBBAD26A3508C00466598 /* MovieVC.swift in Sources */ = {isa = PBXBuildFile; fileRef = A96BBBAC26A3508C00466598 /* MovieVC.swift */; };
		A96BBBC026A36E0F00466598 /* APIService.swift in Sources */ = {isa = PBXBuildFile; fileRef = A96BBBBF26A36E0F00466598 /* APIService.swift */; };
		A96BBBC826A3770500466598 /* MovieCell.swift in Sources */ = {isa = PBXBuildFile; fileRef = A96BBBC726A3770500466598 /* MovieCell.swift */; };
/* End PBXBuildFile section */

/* Begin PBXFileReference section */
		A96BBB8226A3390900466598 /* MovieDB.app */ = {isa = PBXFileReference; explicitFileType = wrapper.application; includeInIndex = 0; path = MovieDB.app; sourceTree = BUILT_PRODUCTS_DIR; };
		A96BBB8526A3390900466598 /* AppDelegate.swift */ = {isa = PBXFileReference; lastKnownFileType = sourcecode.swift; path = AppDelegate.swift; sourceTree = "<group>"; };
		A96BBB8726A3390900466598 /* SceneDelegate.swift */ = {isa = PBXFileReference; lastKnownFileType = sourcecode.swift; path = SceneDelegate.swift; sourceTree = "<group>"; };
		A96BBB8926A3390900466598 /* LoginVC.swift */ = {isa = PBXFileReference; lastKnownFileType = sourcecode.swift; path = LoginVC.swift; sourceTree = "<group>"; };
		A96BBB8C26A3390900466598 /* Base */ = {isa = PBXFileReference; lastKnownFileType = file.storyboard; name = Base; path = Base.lproj/Main.storyboard; sourceTree = "<group>"; };
		A96BBB8E26A3390C00466598 /* Assets.xcassets */ = {isa = PBXFileReference; lastKnownFileType = folder.assetcatalog; path = Assets.xcassets; sourceTree = "<group>"; };
		A96BBB9126A3390C00466598 /* Base */ = {isa = PBXFileReference; lastKnownFileType = file.storyboard; name = Base; path = Base.lproj/LaunchScreen.storyboard; sourceTree = "<group>"; };
		A96BBB9326A3390C00466598 /* Info.plist */ = {isa = PBXFileReference; lastKnownFileType = text.plist.xml; path = Info.plist; sourceTree = "<group>"; };
		A96BBBA026A339D600466598 /* LoginView.swift */ = {isa = PBXFileReference; lastKnownFileType = sourcecode.swift; path = LoginView.swift; sourceTree = "<group>"; };
		A96BBBA426A3452400466598 /* Movies.swift */ = {isa = PBXFileReference; lastKnownFileType = sourcecode.swift; path = Movies.swift; sourceTree = "<group>"; };
		A96BBBA926A34B8800466598 /* MovieVM.swift */ = {isa = PBXFileReference; lastKnownFileType = sourcecode.swift; path = MovieVM.swift; sourceTree = "<group>"; };
		A96BBBAC26A3508C00466598 /* MovieVC.swift */ = {isa = PBXFileReference; lastKnownFileType = sourcecode.swift; path = MovieVC.swift; sourceTree = "<group>"; };
		A96BBBBF26A36E0F00466598 /* APIService.swift */ = {isa = PBXFileReference; lastKnownFileType = sourcecode.swift; path = APIService.swift; sourceTree = "<group>"; };
		A96BBBC726A3770500466598 /* MovieCell.swift */ = {isa = PBXFileReference; lastKnownFileType = sourcecode.swift; path = MovieCell.swift; sourceTree = "<group>"; };
/* End PBXFileReference section */

/* Begin PBXFrameworksBuildPhase section */
		A96BBB7F26A3390900466598 /* Frameworks */ = {
			isa = PBXFrameworksBuildPhase;
			buildActionMask = 2147483647;
			files = (
			);
			runOnlyForDeploymentPostprocessing = 0;
		};
/* End PBXFrameworksBuildPhase section */

/* Begin PBXGroup section */
		A96BBB7926A3390800466598 = {
			isa = PBXGroup;
			children = (
				A96BBB8426A3390900466598 /* MovieDB */,
				A96BBB8326A3390900466598 /* Products */,
			);
			sourceTree = "<group>";
		};
		A96BBB8326A3390900466598 /* Products */ = {
			isa = PBXGroup;
			children = (
				A96BBB8226A3390900466598 /* MovieDB.app */,
			);
			name = Products;
			sourceTree = "<group>";
		};
		A96BBB8426A3390900466598 /* MovieDB */ = {
			isa = PBXGroup;
			children = (
				A96BBB9D26A3395D00466598 /* Core */,
				A96BBB9C26A3394700466598 /* ViewModel */,
				A96BBB9B26A3394200466598 /* View */,
				A96BBB9A26A3393D00466598 /* Model */,
				A96BBB8E26A3390C00466598 /* Assets.xcassets */,
				A96BBB8B26A3390900466598 /* Main.storyboard */,
				A96BBB9326A3390C00466598 /* Info.plist */,
				A96BBBBF26A36E0F00466598 /* APIService.swift */,
			);
			path = MovieDB;
			sourceTree = "<group>";
		};
		A96BBB9A26A3393D00466598 /* Model */ = {
			isa = PBXGroup;
			children = (
				A96BBBA426A3452400466598 /* Movies.swift */,
			);
			path = Model;
			sourceTree = "<group>";
		};
		A96BBB9B26A3394200466598 /* View */ = {
			isa = PBXGroup;
			children = (
				A96BBB9F26A339C500466598 /* View */,
				A96BBB8926A3390900466598 /* LoginVC.swift */,
				A96BBBAC26A3508C00466598 /* MovieVC.swift */,
			);
			path = View;
			sourceTree = "<group>";
		};
		A96BBB9C26A3394700466598 /* ViewModel */ = {
			isa = PBXGroup;
			children = (
				A96BBBA926A34B8800466598 /* MovieVM.swift */,
			);
			path = ViewModel;
			sourceTree = "<group>";
		};
		A96BBB9D26A3395D00466598 /* Core */ = {
			isa = PBXGroup;
			children = (
				A96BBB8526A3390900466598 /* AppDelegate.swift */,
				A96BBB8726A3390900466598 /* SceneDelegate.swift */,
				A96BBB9026A3390C00466598 /* LaunchScreen.storyboard */,
			);
			path = Core;
			sourceTree = "<group>";
		};
		A96BBB9F26A339C500466598 /* View */ = {
			isa = PBXGroup;
			children = (
				A96BBBA026A339D600466598 /* LoginView.swift */,
				A96BBBC726A3770500466598 /* MovieCell.swift */,
			);
			path = View;
			sourceTree = "<group>";
		};
/* End PBXGroup section */

/* Begin PBXNativeTarget section */
		A96BBB8126A3390900466598 /* MovieDB */ = {
			isa = PBXNativeTarget;
			buildConfigurationList = A96BBB9626A3390C00466598 /* Build configuration list for PBXNativeTarget "MovieDB" */;
			buildPhases = (
				A96BBB7E26A3390900466598 /* Sources */,
				A96BBB7F26A3390900466598 /* Frameworks */,
				A96BBB8026A3390900466598 /* Resources */,
			);
			buildRules = (
			);
			dependencies = (
			);
			name = MovieDB;
			productName = MovieDB;
			productReference = A96BBB8226A3390900466598 /* MovieDB.app */;
			productType = "com.apple.product-type.application";
		};
/* End PBXNativeTarget section */

/* Begin PBXProject section */
		A96BBB7A26A3390800466598 /* Project object */ = {
			isa = PBXProject;
			attributes = {
				LastSwiftUpdateCheck = 1240;
				LastUpgradeCheck = 1240;
				TargetAttributes = {
					A96BBB8126A3390900466598 = {
						CreatedOnToolsVersion = 12.4;
					};
				};
			};
			buildConfigurationList = A96BBB7D26A3390800466598 /* Build configuration list for PBXProject "MovieDB" */;
			compatibilityVersion = "Xcode 9.3";
			developmentRegion = en;
			hasScannedForEncodings = 0;
			knownRegions = (
				en,
				Base,
			);
			mainGroup = A96BBB7926A3390800466598;
			productRefGroup = A96BBB8326A3390900466598 /* Products */;
			projectDirPath = "";
			projectRoot = "";
			targets = (
				A96BBB8126A3390900466598 /* MovieDB */,
			);
		};
/* End PBXProject section */

/* Begin PBXResourcesBuildPhase section */
		A96BBB8026A3390900466598 /* Resources */ = {
			isa = PBXResourcesBuildPhase;
			buildActionMask = 2147483647;
			files = (
				A96BBB9226A3390C00466598 /* LaunchScreen.storyboard in Resources */,
				A96BBB8F26A3390C00466598 /* Assets.xcassets in Resources */,
				A96BBB8D26A3390900466598 /* Main.storyboard in Resources */,
			);
			runOnlyForDeploymentPostprocessing = 0;
		};
/* End PBXResourcesBuildPhase section */

/* Begin PBXSourcesBuildPhase section */
		A96BBB7E26A3390900466598 /* Sources */ = {
			isa = PBXSourcesBuildPhase;
			buildActionMask = 2147483647;
			files = (
				A96BBBA526A3452400466598 /* Movies.swift in Sources */,
				A96BBB8A26A3390900466598 /* LoginVC.swift in Sources */,
				A96BBBC826A3770500466598 /* MovieCell.swift in Sources */,
				A96BBB8626A3390900466598 /* AppDelegate.swift in Sources */,
				A96BBBAD26A3508C00466598 /* MovieVC.swift in Sources */,
				A96BBBAA26A34B8800466598 /* MovieVM.swift in Sources */,
				A96BBBA126A339D600466598 /* LoginView.swift in Sources */,
				A96BBBC026A36E0F00466598 /* APIService.swift in Sources */,
				A96BBB8826A3390900466598 /* SceneDelegate.swift in Sources */,
			);
			runOnlyForDeploymentPostprocessing = 0;
		};
/* End PBXSourcesBuildPhase section */

/* Begin PBXVariantGroup section */
		A96BBB8B26A3390900466598 /* Main.storyboard */ = {
			isa = PBXVariantGroup;
			children = (
				A96BBB8C26A3390900466598 /* Base */,
			);
			name = Main.storyboard;
			sourceTree = "<group>";
		};
		A96BBB9026A3390C00466598 /* LaunchScreen.storyboard */ = {
			isa = PBXVariantGroup;
			children = (
				A96BBB9126A3390C00466598 /* Base */,
			);
			name = LaunchScreen.storyboard;
			sourceTree = "<group>";
		};
/* End PBXVariantGroup section */

/* Begin XCBuildConfiguration section */
		A96BBB9426A3390C00466598 /* Debug */ = {
			isa = XCBuildConfiguration;
			buildSettings = {
				ALWAYS_SEARCH_USER_PATHS = NO;
				CLANG_ANALYZER_NONNULL = YES;
				CLANG_ANALYZER_NUMBER_OBJECT_CONVERSION = YES_AGGRESSIVE;
				CLANG_CXX_LANGUAGE_STANDARD = "gnu++14";
				CLANG_CXX_LIBRARY = "libc++";
				CLANG_ENABLE_MODULES = YES;
				CLANG_ENABLE_OBJC_ARC = YES;
				CLANG_ENABLE_OBJC_WEAK = YES;
				CLANG_WARN_BLOCK_CAPTURE_AUTORELEASING = YES;
				CLANG_WARN_BOOL_CONVERSION = YES;
				CLANG_WARN_COMMA = YES;
				CLANG_WARN_CONSTANT_CONVERSION = YES;
				CLANG_WARN_DEPRECATED_OBJC_IMPLEMENTATIONS = YES;
				CLANG_WARN_DIRECT_OBJC_ISA_USAGE = YES_ERROR;
				CLANG_WARN_DOCUMENTATION_COMMENTS = YES;
				CLANG_WARN_EMPTY_BODY = YES;
				CLANG_WARN_ENUM_CONVERSION = YES;
				CLANG_WARN_INFINITE_RECURSION = YES;
				CLANG_WARN_INT_CONVERSION = YES;
				CLANG_WARN_NON_LITERAL_NULL_CONVERSION = YES;
				CLANG_WARN_OBJC_IMPLICIT_RETAIN_SELF = YES;
				CLANG_WARN_OBJC_LITERAL_CONVERSION = YES;
				CLANG_WARN_OBJC_ROOT_CLASS = YES_ERROR;
				CLANG_WARN_QUOTED_INCLUDE_IN_FRAMEWORK_HEADER = YES;
				CLANG_WARN_RANGE_LOOP_ANALYSIS = YES;
				CLANG_WARN_STRICT_PROTOTYPES = YES;
				CLANG_WARN_SUSPICIOUS_MOVE = YES;
				CLANG_WARN_UNGUARDED_AVAILABILITY = YES_AGGRESSIVE;
				CLANG_WARN_UNREACHABLE_CODE = YES;
				CLANG_WARN__DUPLICATE_METHOD_MATCH = YES;
				COPY_PHASE_STRIP = NO;
				DEBUG_INFORMATION_FORMAT = dwarf;
				ENABLE_STRICT_OBJC_MSGSEND = YES;
				ENABLE_TESTABILITY = YES;
				GCC_C_LANGUAGE_STANDARD = gnu11;
				GCC_DYNAMIC_NO_PIC = NO;
				GCC_NO_COMMON_BLOCKS = YES;
				GCC_OPTIMIZATION_LEVEL = 0;
				GCC_PREPROCESSOR_DEFINITIONS = (
					"DEBUG=1",
					"$(inherited)",
				);
				GCC_WARN_64_TO_32_BIT_CONVERSION = YES;
				GCC_WARN_ABOUT_RETURN_TYPE = YES_ERROR;
				GCC_WARN_UNDECLARED_SELECTOR = YES;
				GCC_WARN_UNINITIALIZED_AUTOS = YES_AGGRESSIVE;
				GCC_WARN_UNUSED_FUNCTION = YES;
				GCC_WARN_UNUSED_VARIABLE = YES;
				IPHONEOS_DEPLOYMENT_TARGET = 14.4;
				MTL_ENABLE_DEBUG_INFO = INCLUDE_SOURCE;
				MTL_FAST_MATH = YES;
				ONLY_ACTIVE_ARCH = YES;
				SDKROOT = iphoneos;
				SWIFT_ACTIVE_COMPILATION_CONDITIONS = DEBUG;
				SWIFT_OPTIMIZATION_LEVEL = "-Onone";
			};
			name = Debug;
		};
		A96BBB9526A3390C00466598 /* Release */ = {
			isa = XCBuildConfiguration;
			buildSettings = {
				ALWAYS_SEARCH_USER_PATHS = NO;
				CLANG_ANALYZER_NONNULL = YES;
				CLANG_ANALYZER_NUMBER_OBJECT_CONVERSION = YES_AGGRESSIVE;
				CLANG_CXX_LANGUAGE_STANDARD = "gnu++14";
				CLANG_CXX_LIBRARY = "libc++";
				CLANG_ENABLE_MODULES = YES;
				CLANG_ENABLE_OBJC_ARC = YES;
				CLANG_ENABLE_OBJC_WEAK = YES;
				CLANG_WARN_BLOCK_CAPTURE_AUTORELEASING = YES;
				CLANG_WARN_BOOL_CONVERSION = YES;
				CLANG_WARN_COMMA = YES;
				CLANG_WARN_CONSTANT_CONVERSION = YES;
				CLANG_WARN_DEPRECATED_OBJC_IMPLEMENTATIONS = YES;
				CLANG_WARN_DIRECT_OBJC_ISA_USAGE = YES_ERROR;
				CLANG_WARN_DOCUMENTATION_COMMENTS = YES;
				CLANG_WARN_EMPTY_BODY = YES;
				CLANG_WARN_ENUM_CONVERSION = YES;
				CLANG_WARN_INFINITE_RECURSION = YES;
				CLANG_WARN_INT_CONVERSION = YES;
				CLANG_WARN_NON_LITERAL_NULL_CONVERSION = YES;
				CLANG_WARN_OBJC_IMPLICIT_RETAIN_SELF = YES;
				CLANG_WARN_OBJC_LITERAL_CONVERSION = YES;
				CLANG_WARN_OBJC_ROOT_CLASS = YES_ERROR;
				CLANG_WARN_QUOTED_INCLUDE_IN_FRAMEWORK_HEADER = YES;
				CLANG_WARN_RANGE_LOOP_ANALYSIS = YES;
				CLANG_WARN_STRICT_PROTOTYPES = YES;
				CLANG_WARN_SUSPICIOUS_MOVE = YES;
				CLANG_WARN_UNGUARDED_AVAILABILITY = YES_AGGRESSIVE;
				CLANG_WARN_UNREACHABLE_CODE = YES;
				CLANG_WARN__DUPLICATE_METHOD_MATCH = YES;
				COPY_PHASE_STRIP = NO;
				DEBUG_INFORMATION_FORMAT = "dwarf-with-dsym";
				ENABLE_NS_ASSERTIONS = NO;
				ENABLE_STRICT_OBJC_MSGSEND = YES;
				GCC_C_LANGUAGE_STANDARD = gnu11;
				GCC_NO_COMMON_BLOCKS = YES;
				GCC_WARN_64_TO_32_BIT_CONVERSION = YES;
				GCC_WARN_ABOUT_RETURN_TYPE = YES_ERROR;
				GCC_WARN_UNDECLARED_SELECTOR = YES;
				GCC_WARN_UNINITIALIZED_AUTOS = YES_AGGRESSIVE;
				GCC_WARN_UNUSED_FUNCTION = YES;
				GCC_WARN_UNUSED_VARIABLE = YES;
				IPHONEOS_DEPLOYMENT_TARGET = 14.4;
				MTL_ENABLE_DEBUG_INFO = NO;
				MTL_FAST_MATH = YES;
				SDKROOT = iphoneos;
				SWIFT_COMPILATION_MODE = wholemodule;
				SWIFT_OPTIMIZATION_LEVEL = "-O";
				VALIDATE_PRODUCT = YES;
			};
			name = Release;
		};
		A96BBB9726A3390C00466598 /* Debug */ = {
			isa = XCBuildConfiguration;
			buildSettings = {
				ASSETCATALOG_COMPILER_APPICON_NAME = AppIcon;
				ASSETCATALOG_COMPILER_GLOBAL_ACCENT_COLOR_NAME = AccentColor;
				CODE_SIGN_STYLE = Automatic;
				DEVELOPMENT_TEAM = 2F5H7LLA5P;
				INFOPLIST_FILE = MovieDB/Info.plist;
				LD_RUNPATH_SEARCH_PATHS = (
					"$(inherited)",
					"@executable_path/Frameworks",
				);
				PRODUCT_BUNDLE_IDENTIFIER = HasanDag.MovieDB;
				PRODUCT_NAME = "$(TARGET_NAME)";
				SWIFT_VERSION = 5.0;
				TARGETED_DEVICE_FAMILY = "1,2";
			};
			name = Debug;
		};
		A96BBB9826A3390C00466598 /* Release */ = {
			isa = XCBuildConfiguration;
			buildSettings = {
				ASSETCATALOG_COMPILER_APPICON_NAME = AppIcon;
				ASSETCATALOG_COMPILER_GLOBAL_ACCENT_COLOR_NAME = AccentColor;
				CODE_SIGN_STYLE = Automatic;
				DEVELOPMENT_TEAM = 2F5H7LLA5P;
				INFOPLIST_FILE = MovieDB/Info.plist;
				LD_RUNPATH_SEARCH_PATHS = (
					"$(inherited)",
					"@executable_path/Frameworks",
				);
				PRODUCT_BUNDLE_IDENTIFIER = HasanDag.MovieDB;
				PRODUCT_NAME = "$(TARGET_NAME)";
				SWIFT_VERSION = 5.0;
				TARGETED_DEVICE_FAMILY = "1,2";
			};
			name = Release;
		};
/* End XCBuildConfiguration section */

/* Begin XCConfigurationList section */
		A96BBB7D26A3390800466598 /* Build configuration list for PBXProject "MovieDB" */ = {
			isa = XCConfigurationList;
			buildConfigurations = (
				A96BBB9426A3390C00466598 /* Debug */,
				A96BBB9526A3390C00466598 /* Release */,
			);
			defaultConfigurationIsVisible = 0;
			defaultConfigurationName = Release;
		};
		A96BBB9626A3390C00466598 /* Build configuration list for PBXNativeTarget "MovieDB" */ = {
			isa = XCConfigurationList;
			buildConfigurations = (
				A96BBB9726A3390C00466598 /* Debug */,
				A96BBB9826A3390C00466598 /* Release */,
			);
			defaultConfigurationIsVisible = 0;
			defaultConfigurationName = Release;
		};
/* End XCConfigurationList section */
	};
	rootObject = A96BBB7A26A3390800466598 /* Project object */;
}
